
Microsoft Visual Studio Solution File, Format Version 12.00
# Visual Studio Version 17
VisualStudioVersion = 17.1.32210.238
MinimumVisualStudioVersion = 10.0.40219.1
Project("{FAE04EC0-301F-11D3-BF4B-00C04F79EFBC}") = "TaskStudent", "TaskStudent\TaskStudent.csproj", "{AA954187-15FB-441F-98B6-7E3E05F317B8}"
EndProject
Global
	GlobalSection(SolutionConfigurationPlatforms) = preSolution
		Debug|Any CPU = Debug|Any CPU
		Release|Any CPU = Release|Any CPU
	EndGlobalSection
	GlobalSection(ProjectConfigurationPlatforms) = postSolution
		{AA954187-15FB-441F-98B6-7E3E05F317B8}.Debug|Any CPU.ActiveCfg = Debug|Any CPU
		{AA954187-15FB-441F-98B6-7E3E05F317B8}.Debug|Any CPU.Build.0 = Debug|Any CPU
		{AA954187-15FB-441F-98B6-7E3E05F317B8}.Release|Any CPU.ActiveCfg = Release|Any CPU
		{AA954187-15FB-441F-98B6-7E3E05F317B8}.Release|Any CPU.Build.0 = Release|Any CPU
	EndGlobalSection
	GlobalSection(SolutionProperties) = preSolution
		HideSolutionNode = FALSE
	EndGlobalSection
	GlobalSection(ExtensibilityGlobals) = postSolution
		SolutionGuid = {94B86F64-8B58-48AC-8208-EEC84F020D3E}
	EndGlobalSection
EndGlobal
